// !$*UTF8*$!
{
	archiveVersion = 1;
	classes = {
	};
	objectVersion = 56;
	objects = {

/* Begin PBXBuildFile section */
		6ABFAA7A2950D6CA003F5D71 /* MemoryManagmentDemoApp.swift in Sources */ = {isa = PBXBuildFile; fileRef = 6ABFAA792950D6CA003F5D71 /* MemoryManagmentDemoApp.swift */; };
		6ABFAA7C2950D6CA003F5D71 /* ContentView.swift in Sources */ = {isa = PBXBuildFile; fileRef = 6ABFAA7B2950D6CA003F5D71 /* ContentView.swift */; };
		6ABFAA7E2950D6CC003F5D71 /* Assets.xcassets in Resources */ = {isa = PBXBuildFile; fileRef = 6ABFAA7D2950D6CC003F5D71 /* Assets.xcassets */; };
		6ABFAA822950D6CC003F5D71 /* Preview Assets.xcassets in Resources */ = {isa = PBXBuildFile; fileRef = 6ABFAA812950D6CC003F5D71 /* Preview Assets.xcassets */; };
		6ABFAA8C2950D6CD003F5D71 /* MemoryManagmentDemoTests.swift in Sources */ = {isa = PBXBuildFile; fileRef = 6ABFAA8B2950D6CD003F5D71 /* MemoryManagmentDemoTests.swift */; };
		6ABFAA962950D6CD003F5D71 /* MemoryManagmentDemoUITests.swift in Sources */ = {isa = PBXBuildFile; fileRef = 6ABFAA952950D6CD003F5D71 /* MemoryManagmentDemoUITests.swift */; };
		6ABFAA982950D6CD003F5D71 /* MemoryManagmentDemoUITestsLaunchTests.swift in Sources */ = {isa = PBXBuildFile; fileRef = 6ABFAA972950D6CD003F5D71 /* MemoryManagmentDemoUITestsLaunchTests.swift */; };
/* End PBXBuildFile section */

/* Begin PBXContainerItemProxy section */
		6ABFAA882950D6CD003F5D71 /* PBXContainerItemProxy */ = {
			isa = PBXContainerItemProxy;
			containerPortal = 6ABFAA6E2950D6CA003F5D71 /* Project object */;
			proxyType = 1;
			remoteGlobalIDString = 6ABFAA752950D6CA003F5D71;
			remoteInfo = MemoryManagmentDemo;
		};
		6ABFAA922950D6CD003F5D71 /* PBXContainerItemProxy */ = {
			isa = PBXContainerItemProxy;
			containerPortal = 6ABFAA6E2950D6CA003F5D71 /* Project object */;
			proxyType = 1;
			remoteGlobalIDString = 6ABFAA752950D6CA003F5D71;
			remoteInfo = MemoryManagmentDemo;
		};
/* End PBXContainerItemProxy section */

/* Begin PBXFileReference section */
		6ABFAA762950D6CA003F5D71 /* MemoryManagmentDemo.app */ = {isa = PBXFileReference; explicitFileType = wrapper.application; includeInIndex = 0; path = MemoryManagmentDemo.app; sourceTree = BUILT_PRODUCTS_DIR; };
		6ABFAA792950D6CA003F5D71 /* MemoryManagmentDemoApp.swift */ = {isa = PBXFileReference; lastKnownFileType = sourcecode.swift; path = MemoryManagmentDemoApp.swift; sourceTree = "<group>"; };
		6ABFAA7B2950D6CA003F5D71 /* ContentView.swift */ = {isa = PBXFileReference; lastKnownFileType = sourcecode.swift; path = ContentView.swift; sourceTree = "<group>"; };
		6ABFAA7D2950D6CC003F5D71 /* Assets.xcassets */ = {isa = PBXFileReference; lastKnownFileType = folder.assetcatalog; path = Assets.xcassets; sourceTree = "<group>"; };
		6ABFAA7F2950D6CC003F5D71 /* MemoryManagmentDemo.entitlements */ = {isa = PBXFileReference; lastKnownFileType = text.plist.entitlements; path = MemoryManagmentDemo.entitlements; sourceTree = "<group>"; };
		6ABFAA812950D6CC003F5D71 /* Preview Assets.xcassets */ = {isa = PBXFileReference; lastKnownFileType = folder.assetcatalog; path = "Preview Assets.xcassets"; sourceTree = "<group>"; };
		6ABFAA872950D6CD003F5D71 /* MemoryManagmentDemoTests.xctest */ = {isa = PBXFileReference; explicitFileType = wrapper.cfbundle; includeInIndex = 0; path = MemoryManagmentDemoTests.xctest; sourceTree = BUILT_PRODUCTS_DIR; };
		6ABFAA8B2950D6CD003F5D71 /* MemoryManagmentDemoTests.swift */ = {isa = PBXFileReference; lastKnownFileType = sourcecode.swift; path = MemoryManagmentDemoTests.swift; sourceTree = "<group>"; };
		6ABFAA912950D6CD003F5D71 /* MemoryManagmentDemoUITests.xctest */ = {isa = PBXFileReference; explicitFileType = wrapper.cfbundle; includeInIndex = 0; path = MemoryManagmentDemoUITests.xctest; sourceTree = BUILT_PRODUCTS_DIR; };
		6ABFAA952950D6CD003F5D71 /* MemoryManagmentDemoUITests.swift */ = {isa = PBXFileReference; lastKnownFileType = sourcecode.swift; path = MemoryManagmentDemoUITests.swift; sourceTree = "<group>"; };
		6ABFAA972950D6CD003F5D71 /* MemoryManagmentDemoUITestsLaunchTests.swift */ = {isa = PBXFileReference; lastKnownFileType = sourcecode.swift; path = MemoryManagmentDemoUITestsLaunchTests.swift; sourceTree = "<group>"; };
/* End PBXFileReference section */

/* Begin PBXFrameworksBuildPhase section */
		6ABFAA732950D6CA003F5D71 /* Frameworks */ = {
			isa = PBXFrameworksBuildPhase;
			buildActionMask = 2147483647;
			files = (
			);
			runOnlyForDeploymentPostprocessing = 0;
		};
		6ABFAA842950D6CD003F5D71 /* Frameworks */ = {
			isa = PBXFrameworksBuildPhase;
			buildActionMask = 2147483647;
			files = (
			);
			runOnlyForDeploymentPostprocessing = 0;
		};
		6ABFAA8E2950D6CD003F5D71 /* Frameworks */ = {
			isa = PBXFrameworksBuildPhase;
			buildActionMask = 2147483647;
			files = (
			);
			runOnlyForDeploymentPostprocessing = 0;
		};
/* End PBXFrameworksBuildPhase section */

/* Begin PBXGroup section */
		6ABFAA6D2950D6CA003F5D71 = {
			isa = PBXGroup;
			children = (
				6ABFAA782950D6CA003F5D71 /* MemoryManagmentDemo */,
				6ABFAA8A2950D6CD003F5D71 /* MemoryManagmentDemoTests */,
				6ABFAA942950D6CD003F5D71 /* MemoryManagmentDemoUITests */,
				6ABFAA772950D6CA003F5D71 /* Products */,
			);
			sourceTree = "<group>";
		};
		6ABFAA772950D6CA003F5D71 /* Products */ = {
			isa = PBXGroup;
			children = (
				6ABFAA762950D6CA003F5D71 /* MemoryManagmentDemo.app */,
				6ABFAA872950D6CD003F5D71 /* MemoryManagmentDemoTests.xctest */,
				6ABFAA912950D6CD003F5D71 /* MemoryManagmentDemoUITests.xctest */,
			);
			name = Products;
			sourceTree = "<group>";
		};
		6ABFAA782950D6CA003F5D71 /* MemoryManagmentDemo */ = {
			isa = PBXGroup;
			children = (
				6ABFAA792950D6CA003F5D71 /* MemoryManagmentDemoApp.swift */,
				6ABFAA7B2950D6CA003F5D71 /* ContentView.swift */,
				6ABFAA7D2950D6CC003F5D71 /* Assets.xcassets */,
				6ABFAA7F2950D6CC003F5D71 /* MemoryManagmentDemo.entitlements */,
				6ABFAA802950D6CC003F5D71 /* Preview Content */,
			);
			path = MemoryManagmentDemo;
			sourceTree = "<group>";
		};
		6ABFAA802950D6CC003F5D71 /* Preview Content */ = {
			isa = PBXGroup;
			children = (
				6ABFAA812950D6CC003F5D71 /* Preview Assets.xcassets */,
			);
			path = "Preview Content";
			sourceTree = "<group>";
		};
		6ABFAA8A2950D6CD003F5D71 /* MemoryManagmentDemoTests */ = {
			isa = PBXGroup;
			children = (
				6ABFAA8B2950D6CD003F5D71 /* MemoryManagmentDemoTests.swift */,
			);
			path = MemoryManagmentDemoTests;
			sourceTree = "<group>";
		};
		6ABFAA942950D6CD003F5D71 /* MemoryManagmentDemoUITests */ = {
			isa = PBXGroup;
			children = (
				6ABFAA952950D6CD003F5D71 /* MemoryManagmentDemoUITests.swift */,
				6ABFAA972950D6CD003F5D71 /* MemoryManagmentDemoUITestsLaunchTests.swift */,
			);
			path = MemoryManagmentDemoUITests;
			sourceTree = "<group>";
		};
/* End PBXGroup section */

/* Begin PBXNativeTarget section */
		6ABFAA752950D6CA003F5D71 /* MemoryManagmentDemo */ = {
			isa = PBXNativeTarget;
			buildConfigurationList = 6ABFAA9B2950D6CD003F5D71 /* Build configuration list for PBXNativeTarget "MemoryManagmentDemo" */;
			buildPhases = (
				6ABFAA722950D6CA003F5D71 /* Sources */,
				6ABFAA732950D6CA003F5D71 /* Frameworks */,
				6ABFAA742950D6CA003F5D71 /* Resources */,
			);
			buildRules = (
			);
			dependencies = (
			);
			name = MemoryManagmentDemo;
			productName = MemoryManagmentDemo;
			productReference = 6ABFAA762950D6CA003F5D71 /* MemoryManagmentDemo.app */;
			productType = "com.apple.product-type.application";
		};
		6ABFAA862950D6CD003F5D71 /* MemoryManagmentDemoTests */ = {
			isa = PBXNativeTarget;
			buildConfigurationList = 6ABFAA9E2950D6CD003F5D71 /* Build configuration list for PBXNativeTarget "MemoryManagmentDemoTests" */;
			buildPhases = (
				6ABFAA832950D6CD003F5D71 /* Sources */,
				6ABFAA842950D6CD003F5D71 /* Frameworks */,
				6ABFAA852950D6CD003F5D71 /* Resources */,
			);
			buildRules = (
			);
			dependencies = (
				6ABFAA892950D6CD003F5D71 /* PBXTargetDependency */,
			);
			name = MemoryManagmentDemoTests;
			productName = MemoryManagmentDemoTests;
			productReference = 6ABFAA872950D6CD003F5D71 /* MemoryManagmentDemoTests.xctest */;
			productType = "com.apple.product-type.bundle.unit-test";
		};
		6ABFAA902950D6CD003F5D71 /* MemoryManagmentDemoUITests */ = {
			isa = PBXNativeTarget;
			buildConfigurationList = 6ABFAAA12950D6CD003F5D71 /* Build configuration list for PBXNativeTarget "MemoryManagmentDemoUITests" */;
			buildPhases = (
				6ABFAA8D2950D6CD003F5D71 /* Sources */,
				6ABFAA8E2950D6CD003F5D71 /* Frameworks */,
				6ABFAA8F2950D6CD003F5D71 /* Resources */,
			);
			buildRules = (
			);
			dependencies = (
				6ABFAA932950D6CD003F5D71 /* PBXTargetDependency */,
			);
			name = MemoryManagmentDemoUITests;
			productName = MemoryManagmentDemoUITests;
			productReference = 6ABFAA912950D6CD003F5D71 /* MemoryManagmentDemoUITests.xctest */;
			productType = "com.apple.product-type.bundle.ui-testing";
		};
/* End PBXNativeTarget section */

/* Begin PBXProject section */
		6ABFAA6E2950D6CA003F5D71 /* Project object */ = {
			isa = PBXProject;
			attributes = {
				BuildIndependentTargetsInParallel = 1;
				LastSwiftUpdateCheck = 1400;
				LastUpgradeCheck = 1400;
				TargetAttributes = {
					6ABFAA752950D6CA003F5D71 = {
						CreatedOnToolsVersion = 14.0.1;
					};
					6ABFAA862950D6CD003F5D71 = {
						CreatedOnToolsVersion = 14.0.1;
						TestTargetID = 6ABFAA752950D6CA003F5D71;
					};
					6ABFAA902950D6CD003F5D71 = {
						CreatedOnToolsVersion = 14.0.1;
						TestTargetID = 6ABFAA752950D6CA003F5D71;
					};
				};
			};
			buildConfigurationList = 6ABFAA712950D6CA003F5D71 /* Build configuration list for PBXProject "MemoryManagmentDemo" */;
			compatibilityVersion = "Xcode 14.0";
			developmentRegion = en;
			hasScannedForEncodings = 0;
			knownRegions = (
				en,
				Base,
			);
			mainGroup = 6ABFAA6D2950D6CA003F5D71;
			productRefGroup = 6ABFAA772950D6CA003F5D71 /* Products */;
			projectDirPath = "";
			projectRoot = "";
			targets = (
				6ABFAA752950D6CA003F5D71 /* MemoryManagmentDemo */,
				6ABFAA862950D6CD003F5D71 /* MemoryManagmentDemoTests */,
				6ABFAA902950D6CD003F5D71 /* MemoryManagmentDemoUITests */,
			);
		};
/* End PBXProject section */

/* Begin PBXResourcesBuildPhase section */
		6ABFAA742950D6CA003F5D71 /* Resources */ = {
			isa = PBXResourcesBuildPhase;
			buildActionMask = 2147483647;
			files = (
				6ABFAA822950D6CC003F5D71 /* Preview Assets.xcassets in Resources */,
				6ABFAA7E2950D6CC003F5D71 /* Assets.xcassets in Resources */,
			);
			runOnlyForDeploymentPostprocessing = 0;
		};
		6ABFAA852950D6CD003F5D71 /* Resources */ = {
			isa = PBXResourcesBuildPhase;
			buildActionMask = 2147483647;
			files = (
			);
			runOnlyForDeploymentPostprocessing = 0;
		};
		6ABFAA8F2950D6CD003F5D71 /* Resources */ = {
			isa = PBXResourcesBuildPhase;
			buildActionMask = 2147483647;
			files = (
			);
			runOnlyForDeploymentPostprocessing = 0;
		};
/* End PBXResourcesBuildPhase section */

/* Begin PBXSourcesBuildPhase section */
		6ABFAA722950D6CA003F5D71 /* Sources */ = {
			isa = PBXSourcesBuildPhase;
			buildActionMask = 2147483647;
			files = (
				6ABFAA7C2950D6CA003F5D71 /* ContentView.swift in Sources */,
				6ABFAA7A2950D6CA003F5D71 /* MemoryManagmentDemoApp.swift in Sources */,
			);
			runOnlyForDeploymentPostprocessing = 0;
		};
		6ABFAA832950D6CD003F5D71 /* Sources */ = {
			isa = PBXSourcesBuildPhase;
			buildActionMask = 2147483647;
			files = (
				6ABFAA8C2950D6CD003F5D71 /* MemoryManagmentDemoTests.swift in Sources */,
			);
			runOnlyForDeploymentPostprocessing = 0;
		};
		6ABFAA8D2950D6CD003F5D71 /* Sources */ = {
			isa = PBXSourcesBuildPhase;
			buildActionMask = 2147483647;
			files = (
				6ABFAA962950D6CD003F5D71 /* MemoryManagmentDemoUITests.swift in Sources */,
				6ABFAA982950D6CD003F5D71 /* MemoryManagmentDemoUITestsLaunchTests.swift in Sources */,
			);
			runOnlyForDeploymentPostprocessing = 0;
		};
/* End PBXSourcesBuildPhase section */

/* Begin PBXTargetDependency section */
		6ABFAA892950D6CD003F5D71 /* PBXTargetDependency */ = {
			isa = PBXTargetDependency;
			target = 6ABFAA752950D6CA003F5D71 /* MemoryManagmentDemo */;
			targetProxy = 6ABFAA882950D6CD003F5D71 /* PBXContainerItemProxy */;
		};
		6ABFAA932950D6CD003F5D71 /* PBXTargetDependency */ = {
			isa = PBXTargetDependency;
			target = 6ABFAA752950D6CA003F5D71 /* MemoryManagmentDemo */;
			targetProxy = 6ABFAA922950D6CD003F5D71 /* PBXContainerItemProxy */;
		};
/* End PBXTargetDependency section */

/* Begin XCBuildConfiguration section */
		6ABFAA992950D6CD003F5D71 /* Debug */ = {
			isa = XCBuildConfiguration;
			buildSettings = {
				ALWAYS_SEARCH_USER_PATHS = NO;
				CLANG_ANALYZER_NONNULL = YES;
				CLANG_ANALYZER_NUMBER_OBJECT_CONVERSION = YES_AGGRESSIVE;
				CLANG_CXX_LANGUAGE_STANDARD = "gnu++20";
				CLANG_ENABLE_MODULES = YES;
				CLANG_ENABLE_OBJC_ARC = YES;
				CLANG_ENABLE_OBJC_WEAK = YES;
				CLANG_WARN_BLOCK_CAPTURE_AUTORELEASING = YES;
				CLANG_WARN_BOOL_CONVERSION = YES;
				CLANG_WARN_COMMA = YES;
				CLANG_WARN_CONSTANT_CONVERSION = YES;
				CLANG_WARN_DEPRECATED_OBJC_IMPLEMENTATIONS = YES;
				CLANG_WARN_DIRECT_OBJC_ISA_USAGE = YES_ERROR;
				CLANG_WARN_DOCUMENTATION_COMMENTS = YES;
				CLANG_WARN_EMPTY_BODY = YES;
				CLANG_WARN_ENUM_CONVERSION = YES;
				CLANG_WARN_INFINITE_RECURSION = YES;
				CLANG_WARN_INT_CONVERSION = YES;
				CLANG_WARN_NON_LITERAL_NULL_CONVERSION = YES;
				CLANG_WARN_OBJC_IMPLICIT_RETAIN_SELF = YES;
				CLANG_WARN_OBJC_LITERAL_CONVERSION = YES;
				CLANG_WARN_OBJC_ROOT_CLASS = YES_ERROR;
				CLANG_WARN_QUOTED_INCLUDE_IN_FRAMEWORK_HEADER = YES;
				CLANG_WARN_RANGE_LOOP_ANALYSIS = YES;
				CLANG_WARN_STRICT_PROTOTYPES = YES;
				CLANG_WARN_SUSPICIOUS_MOVE = YES;
				CLANG_WARN_UNGUARDED_AVAILABILITY = YES_AGGRESSIVE;
				CLANG_WARN_UNREACHABLE_CODE = YES;
				CLANG_WARN__DUPLICATE_METHOD_MATCH = YES;
				COPY_PHASE_STRIP = NO;
				DEBUG_INFORMATION_FORMAT = dwarf;
				ENABLE_STRICT_OBJC_MSGSEND = YES;
				ENABLE_TESTABILITY = YES;
				GCC_C_LANGUAGE_STANDARD = gnu11;
				GCC_DYNAMIC_NO_PIC = NO;
				GCC_NO_COMMON_BLOCKS = YES;
				GCC_OPTIMIZATION_LEVEL = 0;
				GCC_PREPROCESSOR_DEFINITIONS = (
					"DEBUG=1",
					"$(inherited)",
				);
				GCC_WARN_64_TO_32_BIT_CONVERSION = YES;
				GCC_WARN_ABOUT_RETURN_TYPE = YES_ERROR;
				GCC_WARN_UNDECLARED_SELECTOR = YES;
				GCC_WARN_UNINITIALIZED_AUTOS = YES_AGGRESSIVE;
				GCC_WARN_UNUSED_FUNCTION = YES;
				GCC_WARN_UNUSED_VARIABLE = YES;
				MTL_ENABLE_DEBUG_INFO = INCLUDE_SOURCE;
				MTL_FAST_MATH = YES;
				ONLY_ACTIVE_ARCH = YES;
				SWIFT_ACTIVE_COMPILATION_CONDITIONS = DEBUG;
				SWIFT_OPTIMIZATION_LEVEL = "-Onone";
			};
			name = Debug;
		};
		6ABFAA9A2950D6CD003F5D71 /* Release */ = {
			isa = XCBuildConfiguration;
			buildSettings = {
				ALWAYS_SEARCH_USER_PATHS = NO;
				CLANG_ANALYZER_NONNULL = YES;
				CLANG_ANALYZER_NUMBER_OBJECT_CONVERSION = YES_AGGRESSIVE;
				CLANG_CXX_LANGUAGE_STANDARD = "gnu++20";
				CLANG_ENABLE_MODULES = YES;
				CLANG_ENABLE_OBJC_ARC = YES;
				CLANG_ENABLE_OBJC_WEAK = YES;
				CLANG_WARN_BLOCK_CAPTURE_AUTORELEASING = YES;
				CLANG_WARN_BOOL_CONVERSION = YES;
				CLANG_WARN_COMMA = YES;
				CLANG_WARN_CONSTANT_CONVERSION = YES;
				CLANG_WARN_DEPRECATED_OBJC_IMPLEMENTATIONS = YES;
				CLANG_WARN_DIRECT_OBJC_ISA_USAGE = YES_ERROR;
				CLANG_WARN_DOCUMENTATION_COMMENTS = YES;
				CLANG_WARN_EMPTY_BODY = YES;
				CLANG_WARN_ENUM_CONVERSION = YES;
				CLANG_WARN_INFINITE_RECURSION = YES;
				CLANG_WARN_INT_CONVERSION = YES;
				CLANG_WARN_NON_LITERAL_NULL_CONVERSION = YES;
				CLANG_WARN_OBJC_IMPLICIT_RETAIN_SELF = YES;
				CLANG_WARN_OBJC_LITERAL_CONVERSION = YES;
				CLANG_WARN_OBJC_ROOT_CLASS = YES_ERROR;
				CLANG_WARN_QUOTED_INCLUDE_IN_FRAMEWORK_HEADER = YES;
				CLANG_WARN_RANGE_LOOP_ANALYSIS = YES;
				CLANG_WARN_STRICT_PROTOTYPES = YES;
				CLANG_WARN_SUSPICIOUS_MOVE = YES;
				CLANG_WARN_UNGUARDED_AVAILABILITY = YES_AGGRESSIVE;
				CLANG_WARN_UNREACHABLE_CODE = YES;
				CLANG_WARN__DUPLICATE_METHOD_MATCH = YES;
				COPY_PHASE_STRIP = NO;
				DEBUG_INFORMATION_FORMAT = "dwarf-with-dsym";
				ENABLE_NS_ASSERTIONS = NO;
				ENABLE_STRICT_OBJC_MSGSEND = YES;
				GCC_C_LANGUAGE_STANDARD = gnu11;
				GCC_NO_COMMON_BLOCKS = YES;
				GCC_WARN_64_TO_32_BIT_CONVERSION = YES;
				GCC_WARN_ABOUT_RETURN_TYPE = YES_ERROR;
				GCC_WARN_UNDECLARED_SELECTOR = YES;
				GCC_WARN_UNINITIALIZED_AUTOS = YES_AGGRESSIVE;
				GCC_WARN_UNUSED_FUNCTION = YES;
				GCC_WARN_UNUSED_VARIABLE = YES;
				MTL_ENABLE_DEBUG_INFO = NO;
				MTL_FAST_MATH = YES;
				SWIFT_COMPILATION_MODE = wholemodule;
				SWIFT_OPTIMIZATION_LEVEL = "-O";
			};
			name = Release;
		};
		6ABFAA9C2950D6CD003F5D71 /* Debug */ = {
			isa = XCBuildConfiguration;
			buildSettings = {
				ASSETCATALOG_COMPILER_APPICON_NAME = AppIcon;
				ASSETCATALOG_COMPILER_GLOBAL_ACCENT_COLOR_NAME = AccentColor;
				CODE_SIGN_ENTITLEMENTS = MemoryManagmentDemo/MemoryManagmentDemo.entitlements;
				CODE_SIGN_STYLE = Automatic;
				CURRENT_PROJECT_VERSION = 1;
				DEVELOPMENT_ASSET_PATHS = "\"MemoryManagmentDemo/Preview Content\"";
				ENABLE_PREVIEWS = YES;
				GENERATE_INFOPLIST_FILE = YES;
				"INFOPLIST_KEY_UIApplicationSceneManifest_Generation[sdk=iphoneos*]" = YES;
				"INFOPLIST_KEY_UIApplicationSceneManifest_Generation[sdk=iphonesimulator*]" = YES;
				"INFOPLIST_KEY_UIApplicationSupportsIndirectInputEvents[sdk=iphoneos*]" = YES;
				"INFOPLIST_KEY_UIApplicationSupportsIndirectInputEvents[sdk=iphonesimulator*]" = YES;
				"INFOPLIST_KEY_UILaunchScreen_Generation[sdk=iphoneos*]" = YES;
				"INFOPLIST_KEY_UILaunchScreen_Generation[sdk=iphonesimulator*]" = YES;
				"INFOPLIST_KEY_UIStatusBarStyle[sdk=iphoneos*]" = UIStatusBarStyleDefault;
				"INFOPLIST_KEY_UIStatusBarStyle[sdk=iphonesimulator*]" = UIStatusBarStyleDefault;
				INFOPLIST_KEY_UISupportedInterfaceOrientations_iPad = "UIInterfaceOrientationPortrait UIInterfaceOrientationPortraitUpsideDown UIInterfaceOrientationLandscapeLeft UIInterfaceOrientationLandscapeRight";
				INFOPLIST_KEY_UISupportedInterfaceOrientations_iPhone = "UIInterfaceOrientationPortrait UIInterfaceOrientationLandscapeLeft UIInterfaceOrientationLandscapeRight";
				IPHONEOS_DEPLOYMENT_TARGET = 16.0;
				LD_RUNPATH_SEARCH_PATHS = "@executable_path/Frameworks";
				"LD_RUNPATH_SEARCH_PATHS[sdk=macosx*]" = "@executable_path/../Frameworks";
				MACOSX_DEPLOYMENT_TARGET = 12.3;
				MARKETING_VERSION = 1.0;
				PRODUCT_BUNDLE_IDENTIFIER = felipe.MemoryManagmentDemo;
				PRODUCT_NAME = "$(TARGET_NAME)";
				SDKROOT = auto;
				SUPPORTED_PLATFORMS = "iphoneos iphonesimulator macosx";
				SWIFT_EMIT_LOC_STRINGS = YES;
				SWIFT_VERSION = 5.0;
				TARGETED_DEVICE_FAMILY = "1,2";
			};
			name = Debug;
		};
		6ABFAA9D2950D6CD003F5D71 /* Release */ = {
			isa = XCBuildConfiguration;
			buildSettings = {
				ASSETCATALOG_COMPILER_APPICON_NAME = AppIcon;
				ASSETCATALOG_COMPILER_GLOBAL_ACCENT_COLOR_NAME = AccentColor;
				CODE_SIGN_ENTITLEMENTS = MemoryManagmentDemo/MemoryManagmentDemo.entitlements;
				CODE_SIGN_STYLE = Automatic;
				CURRENT_PROJECT_VERSION = 1;
				DEVELOPMENT_ASSET_PATHS = "\"MemoryManagmentDemo/Preview Content\"";
				ENABLE_PREVIEWS = YES;
				GENERATE_INFOPLIST_FILE = YES;
				"INFOPLIST_KEY_UIApplicationSceneManifest_Generation[sdk=iphoneos*]" = YES;
				"INFOPLIST_KEY_UIApplicationSceneManifest_Generation[sdk=iphonesimulator*]" = YES;
				"INFOPLIST_KEY_UIApplicationSupportsIndirectInputEvents[sdk=iphoneos*]" = YES;
				"INFOPLIST_KEY_UIApplicationSupportsIndirectInputEvents[sdk=iphonesimulator*]" = YES;
				"INFOPLIST_KEY_UILaunchScreen_Generation[sdk=iphoneos*]" = YES;
				"INFOPLIST_KEY_UILaunchScreen_Generation[sdk=iphonesimulator*]" = YES;
				"INFOPLIST_KEY_UIStatusBarStyle[sdk=iphoneos*]" = UIStatusBarStyleDefault;
				"INFOPLIST_KEY_UIStatusBarStyle[sdk=iphonesimulator*]" = UIStatusBarStyleDefault;
				INFOPLIST_KEY_UISupportedInterfaceOrientations_iPad = "UIInterfaceOrientationPortrait UIInterfaceOrientationPortraitUpsideDown UIInterfaceOrientationLandscapeLeft UIInterfaceOrientationLandscapeRight";
				INFOPLIST_KEY_UISupportedInterfaceOrientations_iPhone = "UIInterfaceOrientationPortrait UIInterfaceOrientationLandscapeLeft UIInterfaceOrientationLandscapeRight";
				IPHONEOS_DEPLOYMENT_TARGET = 16.0;
				LD_RUNPATH_SEARCH_PATHS = "@executable_path/Frameworks";
				"LD_RUNPATH_SEARCH_PATHS[sdk=macosx*]" = "@executable_path/../Frameworks";
				MACOSX_DEPLOYMENT_TARGET = 12.3;
				MARKETING_VERSION = 1.0;
				PRODUCT_BUNDLE_IDENTIFIER = felipe.MemoryManagmentDemo;
				PRODUCT_NAME = "$(TARGET_NAME)";
				SDKROOT = auto;
				SUPPORTED_PLATFORMS = "iphoneos iphonesimulator macosx";
				SWIFT_EMIT_LOC_STRINGS = YES;
				SWIFT_VERSION = 5.0;
				TARGETED_DEVICE_FAMILY = "1,2";
			};
			name = Release;
		};
		6ABFAA9F2950D6CD003F5D71 /* Debug */ = {
			isa = XCBuildConfiguration;
			buildSettings = {
				ALWAYS_EMBED_SWIFT_STANDARD_LIBRARIES = YES;
				BUNDLE_LOADER = "$(TEST_HOST)";
				CODE_SIGN_STYLE = Automatic;
				CURRENT_PROJECT_VERSION = 1;
				GENERATE_INFOPLIST_FILE = YES;
				IPHONEOS_DEPLOYMENT_TARGET = 16.0;
				MACOSX_DEPLOYMENT_TARGET = 12.3;
				MARKETING_VERSION = 1.0;
				PRODUCT_BUNDLE_IDENTIFIER = felipe.MemoryManagmentDemoTests;
				PRODUCT_NAME = "$(TARGET_NAME)";
				SDKROOT = auto;
				SUPPORTED_PLATFORMS = "iphoneos iphonesimulator macosx";
				SWIFT_EMIT_LOC_STRINGS = NO;
				SWIFT_VERSION = 5.0;
				TARGETED_DEVICE_FAMILY = "1,2";
				TEST_HOST = "$(BUILT_PRODUCTS_DIR)/MemoryManagmentDemo.app/$(BUNDLE_EXECUTABLE_FOLDER_PATH)/MemoryManagmentDemo";
			};
			name = Debug;
		};
		6ABFAAA02950D6CD003F5D71 /* Release */ = {
			isa = XCBuildConfiguration;
			buildSettings = {
				ALWAYS_EMBED_SWIFT_STANDARD_LIBRARIES = YES;
				BUNDLE_LOADER = "$(TEST_HOST)";
				CODE_SIGN_STYLE = Automatic;
				CURRENT_PROJECT_VERSION = 1;
				GENERATE_INFOPLIST_FILE = YES;
				IPHONEOS_DEPLOYMENT_TARGET = 16.0;
				MACOSX_DEPLOYMENT_TARGET = 12.3;
				MARKETING_VERSION = 1.0;
				PRODUCT_BUNDLE_IDENTIFIER = felipe.MemoryManagmentDemoTests;
				PRODUCT_NAME = "$(TARGET_NAME)";
				SDKROOT = auto;
				SUPPORTED_PLATFORMS = "iphoneos iphonesimulator macosx";
				SWIFT_EMIT_LOC_STRINGS = NO;
				SWIFT_VERSION = 5.0;
				TARGETED_DEVICE_FAMILY = "1,2";
				TEST_HOST = "$(BUILT_PRODUCTS_DIR)/MemoryManagmentDemo.app/$(BUNDLE_EXECUTABLE_FOLDER_PATH)/MemoryManagmentDemo";
			};
			name = Release;
		};
		6ABFAAA22950D6CD003F5D71 /* Debug */ = {
			isa = XCBuildConfiguration;
			buildSettings = {
				ALWAYS_EMBED_SWIFT_STANDARD_LIBRARIES = YES;
				CODE_SIGN_STYLE = Automatic;
				CURRENT_PROJECT_VERSION = 1;
				GENERATE_INFOPLIST_FILE = YES;
				IPHONEOS_DEPLOYMENT_TARGET = 16.0;
				MACOSX_DEPLOYMENT_TARGET = 12.3;
				MARKETING_VERSION = 1.0;
				PRODUCT_BUNDLE_IDENTIFIER = felipe.MemoryManagmentDemoUITests;
				PRODUCT_NAME = "$(TARGET_NAME)";
				SDKROOT = auto;
				SUPPORTED_PLATFORMS = "iphoneos iphonesimulator macosx";
				SWIFT_EMIT_LOC_STRINGS = NO;
				SWIFT_VERSION = 5.0;
				TARGETED_DEVICE_FAMILY = "1,2";
				TEST_TARGET_NAME = MemoryManagmentDemo;
			};
			name = Debug;
		};
		6ABFAAA32950D6CD003F5D71 /* Release */ = {
			isa = XCBuildConfiguration;
			buildSettings = {
				ALWAYS_EMBED_SWIFT_STANDARD_LIBRARIES = YES;
				CODE_SIGN_STYLE = Automatic;
				CURRENT_PROJECT_VERSION = 1;
				GENERATE_INFOPLIST_FILE = YES;
				IPHONEOS_DEPLOYMENT_TARGET = 16.0;
				MACOSX_DEPLOYMENT_TARGET = 12.3;
				MARKETING_VERSION = 1.0;
				PRODUCT_BUNDLE_IDENTIFIER = felipe.MemoryManagmentDemoUITests;
				PRODUCT_NAME = "$(TARGET_NAME)";
				SDKROOT = auto;
				SUPPORTED_PLATFORMS = "iphoneos iphonesimulator macosx";
				SWIFT_EMIT_LOC_STRINGS = NO;
				SWIFT_VERSION = 5.0;
				TARGETED_DEVICE_FAMILY = "1,2";
				TEST_TARGET_NAME = MemoryManagmentDemo;
			};
			name = Release;
		};
/* End XCBuildConfiguration section */

/* Begin XCConfigurationList section */
		6ABFAA712950D6CA003F5D71 /* Build configuration list for PBXProject "MemoryManagmentDemo" */ = {
			isa = XCConfigurationList;
			buildConfigurations = (
				6ABFAA992950D6CD003F5D71 /* Debug */,
				6ABFAA9A2950D6CD003F5D71 /* Release */,
			);
			defaultConfigurationIsVisible = 0;
			defaultConfigurationName = Release;
		};
		6ABFAA9B2950D6CD003F5D71 /* Build configuration list for PBXNativeTarget "MemoryManagmentDemo" */ = {
			isa = XCConfigurationList;
			buildConfigurations = (
				6ABFAA9C2950D6CD003F5D71 /* Debug */,
				6ABFAA9D2950D6CD003F5D71 /* Release */,
			);
			defaultConfigurationIsVisible = 0;
			defaultConfigurationName = Release;
		};
		6ABFAA9E2950D6CD003F5D71 /* Build configuration list for PBXNativeTarget "MemoryManagmentDemoTests" */ = {
			isa = XCConfigurationList;
			buildConfigurations = (
				6ABFAA9F2950D6CD003F5D71 /* Debug */,
				6ABFAAA02950D6CD003F5D71 /* Release */,
			);
			defaultConfigurationIsVisible = 0;
			defaultConfigurationName = Release;
		};
		6ABFAAA12950D6CD003F5D71 /* Build configuration list for PBXNativeTarget "MemoryManagmentDemoUITests" */ = {
			isa = XCConfigurationList;
			buildConfigurations = (
				6ABFAAA22950D6CD003F5D71 /* Debug */,
				6ABFAAA32950D6CD003F5D71 /* Release */,
			);
			defaultConfigurationIsVisible = 0;
			defaultConfigurationName = Release;
		};
/* End XCConfigurationList section */
	};
	rootObject = 6ABFAA6E2950D6CA003F5D71 /* Project object */;
}
